Microsoft Visual Studio Solution File, Format Version 12.00
# Visual Studio Version 17
VisualStudioVersion = 17.5.2.0
MinimumVisualStudioVersion = 10.0.40219.1
Project("{FAE04EC0-301F-11D3-BF4B-00C04F79EFBC}") = "DormitoryApp", "DormitoryApp.csproj", "{B08EB5E1-A214-49D0-C324-F9D01FC5FAEB}"
EndProject
Global
	GlobalSection(SolutionConfigurationPlatforms) = preSolution
		Debug|Any CPU = Debug|Any CPU
		Release|Any CPU = Release|Any CPU
	EndGlobalSection
	GlobalSection(ProjectConfigurationPlatforms) = postSolution
		{B08EB5E1-A214-49D0-C324-F9D01FC5FAEB}.Debug|Any CPU.ActiveCfg = Debug|Any CPU
		{B08EB5E1-A214-49D0-C324-F9D01FC5FAEB}.Debug|Any CPU.Build.0 = Debug|Any CPU
		{B08EB5E1-A214-49D0-C324-F9D01FC5FAEB}.Release|Any CPU.ActiveCfg = Release|Any CPU
		{B08EB5E1-A214-49D0-C324-F9D01FC5FAEB}.Release|Any CPU.Build.0 = Release|Any CPU
	EndGlobalSection
	GlobalSection(SolutionProperties) = preSolution
		HideSolutionNode = FALSE
	EndGlobalSection
	GlobalSection(ExtensibilityGlobals) = postSolution
		SolutionGuid = {32055E3B-492F-4708-A442-B8C4F815980E}
	EndGlobalSection
EndGlobal
